// !$*UTF8*$!
{
	archiveVersion = 1;
	classes = {
	};
	objectVersion = 52;
	objects = {

/* Begin PBXBuildFile section */
		CC4E720626F71983005ED4FC /* KcHeroesMultiApp.swift in Sources */ = {isa = PBXBuildFile; fileRef = CC4E71F326F71982005ED4FC /* KcHeroesMultiApp.swift */; };
		CC4E720726F71983005ED4FC /* KcHeroesMultiApp.swift in Sources */ = {isa = PBXBuildFile; fileRef = CC4E71F326F71982005ED4FC /* KcHeroesMultiApp.swift */; };
		CC4E720A26F71983005ED4FC /* Assets.xcassets in Resources */ = {isa = PBXBuildFile; fileRef = CC4E71F526F71983005ED4FC /* Assets.xcassets */; };
		CC4E720B26F71983005ED4FC /* Assets.xcassets in Resources */ = {isa = PBXBuildFile; fileRef = CC4E71F526F71983005ED4FC /* Assets.xcassets */; };
		CC4E721E26F719E6005ED4FC /* LoginView.swift in Sources */ = {isa = PBXBuildFile; fileRef = CC4E721D26F719E6005ED4FC /* LoginView.swift */; };
		CC4E722326F71AE6005ED4FC /* KeychainSwift in Frameworks */ = {isa = PBXBuildFile; productRef = CC4E722226F71AE6005ED4FC /* KeychainSwift */; };
		CC4E722A26F71BC9005ED4FC /* Localizable.strings in Resources */ = {isa = PBXBuildFile; fileRef = CC4E722C26F71BC9005ED4FC /* Localizable.strings */; };
		CC4E723926F71D66005ED4FC /* KeyChain.swift in Sources */ = {isa = PBXBuildFile; fileRef = CC4E723826F71D66005ED4FC /* KeyChain.swift */; };
		CC4E723E26F72574005ED4FC /* RootViewModel.swift in Sources */ = {isa = PBXBuildFile; fileRef = CC4E723D26F72574005ED4FC /* RootViewModel.swift */; };
		CC4E724526F72587005ED4FC /* StatusModel.swift in Sources */ = {isa = PBXBuildFile; fileRef = CC4E724426F72587005ED4FC /* StatusModel.swift */; };
		CC4E724926F72694005ED4FC /* BaseNetwork.swift in Sources */ = {isa = PBXBuildFile; fileRef = CC4E724826F72694005ED4FC /* BaseNetwork.swift */; };
		CC4E724D26F73652005ED4FC /* RootView.swift in Sources */ = {isa = PBXBuildFile; fileRef = CC4E724C26F73652005ED4FC /* RootView.swift */; };
		CC4E725526F737FD005ED4FC /* MainView.swift in Sources */ = {isa = PBXBuildFile; fileRef = CC4E725426F737FD005ED4FC /* MainView.swift */; };
		CC4E725A26F739B4005ED4FC /* HeroesView.swift in Sources */ = {isa = PBXBuildFile; fileRef = CC4E725926F739B4005ED4FC /* HeroesView.swift */; };
		CC4E726026F739CC005ED4FC /* HeroesModel.swift in Sources */ = {isa = PBXBuildFile; fileRef = CC4E725F26F739CC005ED4FC /* HeroesModel.swift */; };
		CC4E726526F73CF4005ED4FC /* HeroesViewModel.swift in Sources */ = {isa = PBXBuildFile; fileRef = CC4E726426F73CF4005ED4FC /* HeroesViewModel.swift */; };
		CC4E726926F74136005ED4FC /* HeroesRowView.swift in Sources */ = {isa = PBXBuildFile; fileRef = CC4E726826F74136005ED4FC /* HeroesRowView.swift */; };
		CC4E726D26F74313005ED4FC /* ImageViewModel.swift in Sources */ = {isa = PBXBuildFile; fileRef = CC4E726C26F74313005ED4FC /* ImageViewModel.swift */; };
/* End PBXBuildFile section */

/* Begin PBXFileReference section */
		CC4E71F326F71982005ED4FC /* KcHeroesMultiApp.swift */ = {isa = PBXFileReference; lastKnownFileType = sourcecode.swift; path = KcHeroesMultiApp.swift; sourceTree = "<group>"; };
		CC4E71F526F71983005ED4FC /* Assets.xcassets */ = {isa = PBXFileReference; lastKnownFileType = folder.assetcatalog; path = Assets.xcassets; sourceTree = "<group>"; };
		CC4E71FA26F71983005ED4FC /* KcHeroesMulti.app */ = {isa = PBXFileReference; explicitFileType = wrapper.application; includeInIndex = 0; path = KcHeroesMulti.app; sourceTree = BUILT_PRODUCTS_DIR; };
		CC4E71FD26F71983005ED4FC /* Info.plist */ = {isa = PBXFileReference; lastKnownFileType = text.plist.xml; path = Info.plist; sourceTree = "<group>"; };
		CC4E720226F71983005ED4FC /* KcHeroesMulti.app */ = {isa = PBXFileReference; explicitFileType = wrapper.application; includeInIndex = 0; path = KcHeroesMulti.app; sourceTree = BUILT_PRODUCTS_DIR; };
		CC4E720426F71983005ED4FC /* Info.plist */ = {isa = PBXFileReference; lastKnownFileType = text.plist.xml; path = Info.plist; sourceTree = "<group>"; };
		CC4E720526F71983005ED4FC /* macOS.entitlements */ = {isa = PBXFileReference; lastKnownFileType = text.plist.entitlements; path = macOS.entitlements; sourceTree = "<group>"; };
		CC4E721D26F719E6005ED4FC /* LoginView.swift */ = {isa = PBXFileReference; lastKnownFileType = sourcecode.swift; path = LoginView.swift; sourceTree = "<group>"; };
		CC4E722B26F71BC9005ED4FC /* en */ = {isa = PBXFileReference; lastKnownFileType = text.plist.strings; name = en; path = en.lproj/Localizable.strings; sourceTree = "<group>"; };
		CC4E722F26F71BD2005ED4FC /* es */ = {isa = PBXFileReference; lastKnownFileType = text.plist.strings; name = es; path = es.lproj/Localizable.strings; sourceTree = "<group>"; };
		CC4E723826F71D66005ED4FC /* KeyChain.swift */ = {isa = PBXFileReference; lastKnownFileType = sourcecode.swift; path = KeyChain.swift; sourceTree = "<group>"; };
		CC4E723D26F72574005ED4FC /* RootViewModel.swift */ = {isa = PBXFileReference; lastKnownFileType = sourcecode.swift; path = RootViewModel.swift; sourceTree = "<group>"; };
		CC4E724426F72587005ED4FC /* StatusModel.swift */ = {isa = PBXFileReference; lastKnownFileType = sourcecode.swift; path = StatusModel.swift; sourceTree = "<group>"; };
		CC4E724826F72694005ED4FC /* BaseNetwork.swift */ = {isa = PBXFileReference; lastKnownFileType = sourcecode.swift; path = BaseNetwork.swift; sourceTree = "<group>"; };
		CC4E724C26F73652005ED4FC /* RootView.swift */ = {isa = PBXFileReference; lastKnownFileType = sourcecode.swift; path = RootView.swift; sourceTree = "<group>"; };
		CC4E725426F737FD005ED4FC /* MainView.swift */ = {isa = PBXFileReference; lastKnownFileType = sourcecode.swift; path = MainView.swift; sourceTree = "<group>"; };
		CC4E725926F739B4005ED4FC /* HeroesView.swift */ = {isa = PBXFileReference; lastKnownFileType = sourcecode.swift; path = HeroesView.swift; sourceTree = "<group>"; };
		CC4E725F26F739CC005ED4FC /* HeroesModel.swift */ = {isa = PBXFileReference; lastKnownFileType = sourcecode.swift; path = HeroesModel.swift; sourceTree = "<group>"; };
		CC4E726426F73CF4005ED4FC /* HeroesViewModel.swift */ = {isa = PBXFileReference; lastKnownFileType = sourcecode.swift; path = HeroesViewModel.swift; sourceTree = "<group>"; };
		CC4E726826F74136005ED4FC /* HeroesRowView.swift */ = {isa = PBXFileReference; lastKnownFileType = sourcecode.swift; path = HeroesRowView.swift; sourceTree = "<group>"; };
		CC4E726C26F74313005ED4FC /* ImageViewModel.swift */ = {isa = PBXFileReference; lastKnownFileType = sourcecode.swift; path = ImageViewModel.swift; sourceTree = "<group>"; };
/* End PBXFileReference section */

/* Begin PBXFrameworksBuildPhase section */
		CC4E71F726F71983005ED4FC /* Frameworks */ = {
			isa = PBXFrameworksBuildPhase;
			buildActionMask = 2147483647;
			files = (
				CC4E722326F71AE6005ED4FC /* KeychainSwift in Frameworks */,
			);
			runOnlyForDeploymentPostprocessing = 0;
		};
		CC4E71FF26F71983005ED4FC /* Frameworks */ = {
			isa = PBXFrameworksBuildPhase;
			buildActionMask = 2147483647;
			files = (
			);
			runOnlyForDeploymentPostprocessing = 0;
		};
/* End PBXFrameworksBuildPhase section */

/* Begin PBXGroup section */
		CC4E71ED26F71982005ED4FC = {
			isa = PBXGroup;
			children = (
				CC4E71F226F71982005ED4FC /* Shared */,
				CC4E71FC26F71983005ED4FC /* iOS */,
				CC4E720326F71983005ED4FC /* macOS */,
				CC4E71FB26F71983005ED4FC /* Products */,
			);
			sourceTree = "<group>";
		};
		CC4E71F226F71982005ED4FC /* Shared */ = {
			isa = PBXGroup;
			children = (
				CC4E721C26F719D4005ED4FC /* Tools */,
				CC4E721B26F719CE005ED4FC /* Services */,
				CC4E721A26F719C8005ED4FC /* Views */,
				CC4E721926F719C1005ED4FC /* ViewModels */,
				CC4E721826F719BA005ED4FC /* Models */,
				CC4E71F326F71982005ED4FC /* KcHeroesMultiApp.swift */,
				CC4E71F526F71983005ED4FC /* Assets.xcassets */,
				CC4E722C26F71BC9005ED4FC /* Localizable.strings */,
			);
			path = Shared;
			sourceTree = "<group>";
		};
		CC4E71FB26F71983005ED4FC /* Products */ = {
			isa = PBXGroup;
			children = (
				CC4E71FA26F71983005ED4FC /* KcHeroesMulti.app */,
				CC4E720226F71983005ED4FC /* KcHeroesMulti.app */,
			);
			name = Products;
			sourceTree = "<group>";
		};
		CC4E71FC26F71983005ED4FC /* iOS */ = {
			isa = PBXGroup;
			children = (
				CC4E71FD26F71983005ED4FC /* Info.plist */,
			);
			path = iOS;
			sourceTree = "<group>";
		};
		CC4E720326F71983005ED4FC /* macOS */ = {
			isa = PBXGroup;
			children = (
				CC4E720426F71983005ED4FC /* Info.plist */,
				CC4E720526F71983005ED4FC /* macOS.entitlements */,
			);
			path = macOS;
			sourceTree = "<group>";
		};
		CC4E721826F719BA005ED4FC /* Models */ = {
			isa = PBXGroup;
			children = (
				CC4E724426F72587005ED4FC /* StatusModel.swift */,
				CC4E725F26F739CC005ED4FC /* HeroesModel.swift */,
			);
			path = Models;
			sourceTree = "<group>";
		};
		CC4E721926F719C1005ED4FC /* ViewModels */ = {
			isa = PBXGroup;
			children = (
				CC4E726326F73CDE005ED4FC /* Heroes */,
				CC4E723C26F7254D005ED4FC /* Main */,
				CC4E726C26F74313005ED4FC /* ImageViewModel.swift */,
			);
			path = ViewModels;
			sourceTree = "<group>";
		};
		CC4E721A26F719C8005ED4FC /* Views */ = {
			isa = PBXGroup;
			children = (
				CC4E725826F73975005ED4FC /* Heroes */,
				CC4E725326F737EA005ED4FC /* Main */,
				CC4E725026F7365F005ED4FC /* Login */,
				CC4E724C26F73652005ED4FC /* RootView.swift */,
			);
			path = Views;
			sourceTree = "<group>";
		};
		CC4E721B26F719CE005ED4FC /* Services */ = {
			isa = PBXGroup;
			children = (
				CC4E724826F72694005ED4FC /* BaseNetwork.swift */,
			);
			path = Services;
			sourceTree = "<group>";
		};
		CC4E721C26F719D4005ED4FC /* Tools */ = {
			isa = PBXGroup;
			children = (
				CC4E723826F71D66005ED4FC /* KeyChain.swift */,
			);
			path = Tools;
			sourceTree = "<group>";
		};
		CC4E723C26F7254D005ED4FC /* Main */ = {
			isa = PBXGroup;
			children = (
				CC4E723D26F72574005ED4FC /* RootViewModel.swift */,
			);
			path = Main;
			sourceTree = "<group>";
		};
		CC4E725026F7365F005ED4FC /* Login */ = {
			isa = PBXGroup;
			children = (
				CC4E721D26F719E6005ED4FC /* LoginView.swift */,
			);
			path = Login;
			sourceTree = "<group>";
		};
		CC4E725326F737EA005ED4FC /* Main */ = {
			isa = PBXGroup;
			children = (
				CC4E725426F737FD005ED4FC /* MainView.swift */,
			);
			path = Main;
			sourceTree = "<group>";
		};
		CC4E725826F73975005ED4FC /* Heroes */ = {
			isa = PBXGroup;
			children = (
				CC4E725926F739B4005ED4FC /* HeroesView.swift */,
				CC4E726826F74136005ED4FC /* HeroesRowView.swift */,
			);
			path = Heroes;
			sourceTree = "<group>";
		};
		CC4E726326F73CDE005ED4FC /* Heroes */ = {
			isa = PBXGroup;
			children = (
				CC4E726426F73CF4005ED4FC /* HeroesViewModel.swift */,
			);
			path = Heroes;
			sourceTree = "<group>";
		};
/* End PBXGroup section */

/* Begin PBXNativeTarget section */
		CC4E71F926F71983005ED4FC /* KcHeroesMulti (iOS) */ = {
			isa = PBXNativeTarget;
			buildConfigurationList = CC4E720E26F71983005ED4FC /* Build configuration list for PBXNativeTarget "KcHeroesMulti (iOS)" */;
			buildPhases = (
				CC4E71F626F71983005ED4FC /* Sources */,
				CC4E71F726F71983005ED4FC /* Frameworks */,
				CC4E71F826F71983005ED4FC /* Resources */,
			);
			buildRules = (
			);
			dependencies = (
			);
			name = "KcHeroesMulti (iOS)";
			packageProductDependencies = (
				CC4E722226F71AE6005ED4FC /* KeychainSwift */,
			);
			productName = "KcHeroesMulti (iOS)";
			productReference = CC4E71FA26F71983005ED4FC /* KcHeroesMulti.app */;
			productType = "com.apple.product-type.application";
		};
		CC4E720126F71983005ED4FC /* KcHeroesMulti (macOS) */ = {
			isa = PBXNativeTarget;
			buildConfigurationList = CC4E721126F71983005ED4FC /* Build configuration list for PBXNativeTarget "KcHeroesMulti (macOS)" */;
			buildPhases = (
				CC4E71FE26F71983005ED4FC /* Sources */,
				CC4E71FF26F71983005ED4FC /* Frameworks */,
				CC4E720026F71983005ED4FC /* Resources */,
			);
			buildRules = (
			);
			dependencies = (
			);
			name = "KcHeroesMulti (macOS)";
			productName = "KcHeroesMulti (macOS)";
			productReference = CC4E720226F71983005ED4FC /* KcHeroesMulti.app */;
			productType = "com.apple.product-type.application";
		};
/* End PBXNativeTarget section */

/* Begin PBXProject section */
		CC4E71EE26F71982005ED4FC /* Project object */ = {
			isa = PBXProject;
			attributes = {
				LastSwiftUpdateCheck = 1240;
				LastUpgradeCheck = 1240;
				TargetAttributes = {
					CC4E71F926F71983005ED4FC = {
						CreatedOnToolsVersion = 12.4;
					};
					CC4E720126F71983005ED4FC = {
						CreatedOnToolsVersion = 12.4;
					};
				};
			};
			buildConfigurationList = CC4E71F126F71982005ED4FC /* Build configuration list for PBXProject "KcHeroesMulti" */;
			compatibilityVersion = "Xcode 9.3";
			developmentRegion = en;
			hasScannedForEncodings = 0;
			knownRegions = (
				en,
				Base,
				es,
			);
			mainGroup = CC4E71ED26F71982005ED4FC;
			packageReferences = (
				CC4E722126F71AE6005ED4FC /* XCRemoteSwiftPackageReference "keychain-swift" */,
			);
			productRefGroup = CC4E71FB26F71983005ED4FC /* Products */;
			projectDirPath = "";
			projectRoot = "";
			targets = (
				CC4E71F926F71983005ED4FC /* KcHeroesMulti (iOS) */,
				CC4E720126F71983005ED4FC /* KcHeroesMulti (macOS) */,
			);
		};
/* End PBXProject section */

/* Begin PBXResourcesBuildPhase section */
		CC4E71F826F71983005ED4FC /* Resources */ = {
			isa = PBXResourcesBuildPhase;
			buildActionMask = 2147483647;
			files = (
				CC4E720A26F71983005ED4FC /* Assets.xcassets in Resources */,
				CC4E722A26F71BC9005ED4FC /* Localizable.strings in Resources */,
			);
			runOnlyForDeploymentPostprocessing = 0;
		};
		CC4E720026F71983005ED4FC /* Resources */ = {
			isa = PBXResourcesBuildPhase;
			buildActionMask = 2147483647;
			files = (
				CC4E720B26F71983005ED4FC /* Assets.xcassets in Resources */,
			);
			runOnlyForDeploymentPostprocessing = 0;
		};
/* End PBXResourcesBuildPhase section */

/* Begin PBXSourcesBuildPhase section */
		CC4E71F626F71983005ED4FC /* Sources */ = {
			isa = PBXSourcesBuildPhase;
			buildActionMask = 2147483647;
			files = (
				CC4E725A26F739B4005ED4FC /* HeroesView.swift in Sources */,
				CC4E726026F739CC005ED4FC /* HeroesModel.swift in Sources */,
				CC4E724526F72587005ED4FC /* StatusModel.swift in Sources */,
				CC4E725526F737FD005ED4FC /* MainView.swift in Sources */,
				CC4E721E26F719E6005ED4FC /* LoginView.swift in Sources */,
				CC4E723926F71D66005ED4FC /* KeyChain.swift in Sources */,
				CC4E724926F72694005ED4FC /* BaseNetwork.swift in Sources */,
				CC4E724D26F73652005ED4FC /* RootView.swift in Sources */,
				CC4E723E26F72574005ED4FC /* RootViewModel.swift in Sources */,
				CC4E720626F71983005ED4FC /* KcHeroesMultiApp.swift in Sources */,
				CC4E726526F73CF4005ED4FC /* HeroesViewModel.swift in Sources */,
				CC4E726926F74136005ED4FC /* HeroesRowView.swift in Sources */,
				CC4E726D26F74313005ED4FC /* ImageViewModel.swift in Sources */,
			);
			runOnlyForDeploymentPostprocessing = 0;
		};
		CC4E71FE26F71983005ED4FC /* Sources */ = {
			isa = PBXSourcesBuildPhase;
			buildActionMask = 2147483647;
			files = (
				CC4E720726F71983005ED4FC /* KcHeroesMultiApp.swift in Sources */,
			);
			runOnlyForDeploymentPostprocessing = 0;
		};
/* End PBXSourcesBuildPhase section */

/* Begin PBXVariantGroup section */
		CC4E722C26F71BC9005ED4FC /* Localizable.strings */ = {
			isa = PBXVariantGroup;
			children = (
				CC4E722B26F71BC9005ED4FC /* en */,
				CC4E722F26F71BD2005ED4FC /* es */,
			);
			name = Localizable.strings;
			sourceTree = "<group>";
		};
/* End PBXVariantGroup section */

/* Begin XCBuildConfiguration section */
		CC4E720C26F71983005ED4FC /* Debug */ = {
			isa = XCBuildConfiguration;
			buildSettings = {
				ALWAYS_SEARCH_USER_PATHS = NO;
				CLANG_ANALYZER_NONNULL = YES;
				CLANG_ANALYZER_NUMBER_OBJECT_CONVERSION = YES_AGGRESSIVE;
				CLANG_CXX_LANGUAGE_STANDARD = "gnu++14";
				CLANG_CXX_LIBRARY = "libc++";
				CLANG_ENABLE_MODULES = YES;
				CLANG_ENABLE_OBJC_ARC = YES;
				CLANG_ENABLE_OBJC_WEAK = YES;
				CLANG_WARN_BLOCK_CAPTURE_AUTORELEASING = YES;
				CLANG_WARN_BOOL_CONVERSION = YES;
				CLANG_WARN_COMMA = YES;
				CLANG_WARN_CONSTANT_CONVERSION = YES;
				CLANG_WARN_DEPRECATED_OBJC_IMPLEMENTATIONS = YES;
				CLANG_WARN_DIRECT_OBJC_ISA_USAGE = YES_ERROR;
				CLANG_WARN_DOCUMENTATION_COMMENTS = YES;
				CLANG_WARN_EMPTY_BODY = YES;
				CLANG_WARN_ENUM_CONVERSION = YES;
				CLANG_WARN_INFINITE_RECURSION = YES;
				CLANG_WARN_INT_CONVERSION = YES;
				CLANG_WARN_NON_LITERAL_NULL_CONVERSION = YES;
				CLANG_WARN_OBJC_IMPLICIT_RETAIN_SELF = YES;
				CLANG_WARN_OBJC_LITERAL_CONVERSION = YES;
				CLANG_WARN_OBJC_ROOT_CLASS = YES_ERROR;
				CLANG_WARN_QUOTED_INCLUDE_IN_FRAMEWORK_HEADER = YES;
				CLANG_WARN_RANGE_LOOP_ANALYSIS = YES;
				CLANG_WARN_STRICT_PROTOTYPES = YES;
				CLANG_WARN_SUSPICIOUS_MOVE = YES;
				CLANG_WARN_UNGUARDED_AVAILABILITY = YES_AGGRESSIVE;
				CLANG_WARN_UNREACHABLE_CODE = YES;
				CLANG_WARN__DUPLICATE_METHOD_MATCH = YES;
				COPY_PHASE_STRIP = NO;
				DEBUG_INFORMATION_FORMAT = dwarf;
				ENABLE_STRICT_OBJC_MSGSEND = YES;
				ENABLE_TESTABILITY = YES;
				GCC_C_LANGUAGE_STANDARD = gnu11;
				GCC_DYNAMIC_NO_PIC = NO;
				GCC_NO_COMMON_BLOCKS = YES;
				GCC_OPTIMIZATION_LEVEL = 0;
				GCC_PREPROCESSOR_DEFINITIONS = (
					"DEBUG=1",
					"$(inherited)",
				);
				GCC_WARN_64_TO_32_BIT_CONVERSION = YES;
				GCC_WARN_ABOUT_RETURN_TYPE = YES_ERROR;
				GCC_WARN_UNDECLARED_SELECTOR = YES;
				GCC_WARN_UNINITIALIZED_AUTOS = YES_AGGRESSIVE;
				GCC_WARN_UNUSED_FUNCTION = YES;
				GCC_WARN_UNUSED_VARIABLE = YES;
				MTL_ENABLE_DEBUG_INFO = INCLUDE_SOURCE;
				MTL_FAST_MATH = YES;
				ONLY_ACTIVE_ARCH = YES;
				SWIFT_ACTIVE_COMPILATION_CONDITIONS = DEBUG;
				SWIFT_OPTIMIZATION_LEVEL = "-Onone";
			};
			name = Debug;
		};
		CC4E720D26F71983005ED4FC /* Release */ = {
			isa = XCBuildConfiguration;
			buildSettings = {
				ALWAYS_SEARCH_USER_PATHS = NO;
				CLANG_ANALYZER_NONNULL = YES;
				CLANG_ANALYZER_NUMBER_OBJECT_CONVERSION = YES_AGGRESSIVE;
				CLANG_CXX_LANGUAGE_STANDARD = "gnu++14";
				CLANG_CXX_LIBRARY = "libc++";
				CLANG_ENABLE_MODULES = YES;
				CLANG_ENABLE_OBJC_ARC = YES;
				CLANG_ENABLE_OBJC_WEAK = YES;
				CLANG_WARN_BLOCK_CAPTURE_AUTORELEASING = YES;
				CLANG_WARN_BOOL_CONVERSION = YES;
				CLANG_WARN_COMMA = YES;
				CLANG_WARN_CONSTANT_CONVERSION = YES;
				CLANG_WARN_DEPRECATED_OBJC_IMPLEMENTATIONS = YES;
				CLANG_WARN_DIRECT_OBJC_ISA_USAGE = YES_ERROR;
				CLANG_WARN_DOCUMENTATION_COMMENTS = YES;
				CLANG_WARN_EMPTY_BODY = YES;
				CLANG_WARN_ENUM_CONVERSION = YES;
				CLANG_WARN_INFINITE_RECURSION = YES;
				CLANG_WARN_INT_CONVERSION = YES;
				CLANG_WARN_NON_LITERAL_NULL_CONVERSION = YES;
				CLANG_WARN_OBJC_IMPLICIT_RETAIN_SELF = YES;
				CLANG_WARN_OBJC_LITERAL_CONVERSION = YES;
				CLANG_WARN_OBJC_ROOT_CLASS = YES_ERROR;
				CLANG_WARN_QUOTED_INCLUDE_IN_FRAMEWORK_HEADER = YES;
				CLANG_WARN_RANGE_LOOP_ANALYSIS = YES;
				CLANG_WARN_STRICT_PROTOTYPES = YES;
				CLANG_WARN_SUSPICIOUS_MOVE = YES;
				CLANG_WARN_UNGUARDED_AVAILABILITY = YES_AGGRESSIVE;
				CLANG_WARN_UNREACHABLE_CODE = YES;
				CLANG_WARN__DUPLICATE_METHOD_MATCH = YES;
				COPY_PHASE_STRIP = NO;
				DEBUG_INFORMATION_FORMAT = "dwarf-with-dsym";
				ENABLE_NS_ASSERTIONS = NO;
				ENABLE_STRICT_OBJC_MSGSEND = YES;
				GCC_C_LANGUAGE_STANDARD = gnu11;
				GCC_NO_COMMON_BLOCKS = YES;
				GCC_WARN_64_TO_32_BIT_CONVERSION = YES;
				GCC_WARN_ABOUT_RETURN_TYPE = YES_ERROR;
				GCC_WARN_UNDECLARED_SELECTOR = YES;
				GCC_WARN_UNINITIALIZED_AUTOS = YES_AGGRESSIVE;
				GCC_WARN_UNUSED_FUNCTION = YES;
				GCC_WARN_UNUSED_VARIABLE = YES;
				MTL_ENABLE_DEBUG_INFO = NO;
				MTL_FAST_MATH = YES;
				SWIFT_COMPILATION_MODE = wholemodule;
				SWIFT_OPTIMIZATION_LEVEL = "-O";
			};
			name = Release;
		};
		CC4E720F26F71983005ED4FC /* Debug */ = {
			isa = XCBuildConfiguration;
			buildSettings = {
				ASSETCATALOG_COMPILER_APPICON_NAME = AppIcon;
				ASSETCATALOG_COMPILER_GLOBAL_ACCENT_COLOR_NAME = AccentColor;
				CODE_SIGN_STYLE = Automatic;
				ENABLE_PREVIEWS = YES;
				INFOPLIST_FILE = iOS/Info.plist;
				IPHONEOS_DEPLOYMENT_TARGET = 14.0;
				LD_RUNPATH_SEARCH_PATHS = (
					"$(inherited)",
					"@executable_path/Frameworks",
				);
				PRODUCT_BUNDLE_IDENTIFIER = com.keepcoding.KcHeroesMulti;
				PRODUCT_NAME = KcHeroesMulti;
				SDKROOT = iphoneos;
				SWIFT_VERSION = 5.0;
				TARGETED_DEVICE_FAMILY = "1,2";
			};
			name = Debug;
		};
		CC4E721026F71983005ED4FC /* Release */ = {
			isa = XCBuildConfiguration;
			buildSettings = {
				ASSETCATALOG_COMPILER_APPICON_NAME = AppIcon;
				ASSETCATALOG_COMPILER_GLOBAL_ACCENT_COLOR_NAME = AccentColor;
				CODE_SIGN_STYLE = Automatic;
				ENABLE_PREVIEWS = YES;
				INFOPLIST_FILE = iOS/Info.plist;
				IPHONEOS_DEPLOYMENT_TARGET = 14.0;
				LD_RUNPATH_SEARCH_PATHS = (
					"$(inherited)",
					"@executable_path/Frameworks",
				);
				PRODUCT_BUNDLE_IDENTIFIER = com.keepcoding.KcHeroesMulti;
				PRODUCT_NAME = KcHeroesMulti;
				SDKROOT = iphoneos;
				SWIFT_VERSION = 5.0;
				TARGETED_DEVICE_FAMILY = "1,2";
				VALIDATE_PRODUCT = YES;
			};
			name = Release;
		};
		CC4E721226F71983005ED4FC /* Debug */ = {
			isa = XCBuildConfiguration;
			buildSettings = {
				ASSETCATALOG_COMPILER_APPICON_NAME = AppIcon;
				ASSETCATALOG_COMPILER_GLOBAL_ACCENT_COLOR_NAME = AccentColor;
				CODE_SIGN_ENTITLEMENTS = macOS/macOS.entitlements;
				CODE_SIGN_STYLE = Automatic;
				COMBINE_HIDPI_IMAGES = YES;
				ENABLE_PREVIEWS = YES;
				INFOPLIST_FILE = macOS/Info.plist;
				LD_RUNPATH_SEARCH_PATHS = (
					"$(inherited)",
					"@executable_path/../Frameworks",
				);
				MACOSX_DEPLOYMENT_TARGET = 11.0;
				PRODUCT_BUNDLE_IDENTIFIER = com.keepcoding.KcHeroesMulti;
				PRODUCT_NAME = KcHeroesMulti;
				SDKROOT = macosx;
				SWIFT_VERSION = 5.0;
			};
			name = Debug;
		};
		CC4E721326F71983005ED4FC /* Release */ = {
			isa = XCBuildConfiguration;
			buildSettings = {
				ASSETCATALOG_COMPILER_APPICON_NAME = AppIcon;
				ASSETCATALOG_COMPILER_GLOBAL_ACCENT_COLOR_NAME = AccentColor;
				CODE_SIGN_ENTITLEMENTS = macOS/macOS.entitlements;
				CODE_SIGN_STYLE = Automatic;
				COMBINE_HIDPI_IMAGES = YES;
				ENABLE_PREVIEWS = YES;
				INFOPLIST_FILE = macOS/Info.plist;
				LD_RUNPATH_SEARCH_PATHS = (
					"$(inherited)",
					"@executable_path/../Frameworks",
				);
				MACOSX_DEPLOYMENT_TARGET = 11.0;
				PRODUCT_BUNDLE_IDENTIFIER = com.keepcoding.KcHeroesMulti;
				PRODUCT_NAME = KcHeroesMulti;
				SDKROOT = macosx;
				SWIFT_VERSION = 5.0;
			};
			name = Release;
		};
/* End XCBuildConfiguration section */

/* Begin XCConfigurationList section */
		CC4E71F126F71982005ED4FC /* Build configuration list for PBXProject "KcHeroesMulti" */ = {
			isa = XCConfigurationList;
			buildConfigurations = (
				CC4E720C26F71983005ED4FC /* Debug */,
				CC4E720D26F71983005ED4FC /* Release */,
			);
			defaultConfigurationIsVisible = 0;
			defaultConfigurationName = Release;
		};
		CC4E720E26F71983005ED4FC /* Build configuration list for PBXNativeTarget "KcHeroesMulti (iOS)" */ = {
			isa = XCConfigurationList;
			buildConfigurations = (
				CC4E720F26F71983005ED4FC /* Debug */,
				CC4E721026F71983005ED4FC /* Release */,
			);
			defaultConfigurationIsVisible = 0;
			defaultConfigurationName = Release;
		};
		CC4E721126F71983005ED4FC /* Build configuration list for PBXNativeTarget "KcHeroesMulti (macOS)" */ = {
			isa = XCConfigurationList;
			buildConfigurations = (
				CC4E721226F71983005ED4FC /* Debug */,
				CC4E721326F71983005ED4FC /* Release */,
			);
			defaultConfigurationIsVisible = 0;
			defaultConfigurationName = Release;
		};
/* End XCConfigurationList section */

/* Begin XCRemoteSwiftPackageReference section */
		CC4E722126F71AE6005ED4FC /* XCRemoteSwiftPackageReference "keychain-swift" */ = {
			isa = XCRemoteSwiftPackageReference;
			repositoryURL = "https://github.com/evgenyneu/keychain-swift.git";
			requirement = {
				kind = upToNextMajorVersion;
				minimumVersion = 19.0.0;
			};
		};
/* End XCRemoteSwiftPackageReference section */

/* Begin XCSwiftPackageProductDependency section */
		CC4E722226F71AE6005ED4FC /* KeychainSwift */ = {
			isa = XCSwiftPackageProductDependency;
			package = CC4E722126F71AE6005ED4FC /* XCRemoteSwiftPackageReference "keychain-swift" */;
			productName = KeychainSwift;
		};
/* End XCSwiftPackageProductDependency section */
	};
	rootObject = CC4E71EE26F71982005ED4FC /* Project object */;
}
