// !$*UTF8*$!
{
	archiveVersion = 1;
	classes = {
	};
	objectVersion = 50;
	objects = {

/* Begin PBXBuildFile section */
		CC4E720626F71983005ED4FC /* KcHeroesMultiApp.swift in Sources */ = {isa = PBXBuildFile; fileRef = CC4E71F326F71982005ED4FC /* KcHeroesMultiApp.swift */; };
		CC4E720726F71983005ED4FC /* KcHeroesMultiApp.swift in Sources */ = {isa = PBXBuildFile; fileRef = CC4E71F326F71982005ED4FC /* KcHeroesMultiApp.swift */; };
		CC4E720826F71983005ED4FC /* ContentView.swift in Sources */ = {isa = PBXBuildFile; fileRef = CC4E71F426F71982005ED4FC /* ContentView.swift */; };
		CC4E720926F71983005ED4FC /* ContentView.swift in Sources */ = {isa = PBXBuildFile; fileRef = CC4E71F426F71982005ED4FC /* ContentView.swift */; };
		CC4E720A26F71983005ED4FC /* Assets.xcassets in Resources */ = {isa = PBXBuildFile; fileRef = CC4E71F526F71983005ED4FC /* Assets.xcassets */; };
		CC4E720B26F71983005ED4FC /* Assets.xcassets in Resources */ = {isa = PBXBuildFile; fileRef = CC4E71F526F71983005ED4FC /* Assets.xcassets */; };
/* End PBXBuildFile section */

/* Begin PBXFileReference section */
		CC4E71F326F71982005ED4FC /* KcHeroesMultiApp.swift */ = {isa = PBXFileReference; lastKnownFileType = sourcecode.swift; path = KcHeroesMultiApp.swift; sourceTree = "<group>"; };
		CC4E71F426F71982005ED4FC /* ContentView.swift */ = {isa = PBXFileReference; lastKnownFileType = sourcecode.swift; path = ContentView.swift; sourceTree = "<group>"; };
		CC4E71F526F71983005ED4FC /* Assets.xcassets */ = {isa = PBXFileReference; lastKnownFileType = folder.assetcatalog; path = Assets.xcassets; sourceTree = "<group>"; };
		CC4E71FA26F71983005ED4FC /* KcHeroesMulti.app */ = {isa = PBXFileReference; explicitFileType = wrapper.application; includeInIndex = 0; path = KcHeroesMulti.app; sourceTree = BUILT_PRODUCTS_DIR; };
		CC4E71FD26F71983005ED4FC /* Info.plist */ = {isa = PBXFileReference; lastKnownFileType = text.plist.xml; path = Info.plist; sourceTree = "<group>"; };
		CC4E720226F71983005ED4FC /* KcHeroesMulti.app */ = {isa = PBXFileReference; explicitFileType = wrapper.application; includeInIndex = 0; path = KcHeroesMulti.app; sourceTree = BUILT_PRODUCTS_DIR; };
		CC4E720426F71983005ED4FC /* Info.plist */ = {isa = PBXFileReference; lastKnownFileType = text.plist.xml; path = Info.plist; sourceTree = "<group>"; };
		CC4E720526F71983005ED4FC /* macOS.entitlements */ = {isa = PBXFileReference; lastKnownFileType = text.plist.entitlements; path = macOS.entitlements; sourceTree = "<group>"; };
/* End PBXFileReference section */

/* Begin PBXFrameworksBuildPhase section */
		CC4E71F726F71983005ED4FC /* Frameworks */ = {
			isa = PBXFrameworksBuildPhase;
			buildActionMask = 2147483647;
			files = (
			);
			runOnlyForDeploymentPostprocessing = 0;
		};
		CC4E71FF26F71983005ED4FC /* Frameworks */ = {
			isa = PBXFrameworksBuildPhase;
			buildActionMask = 2147483647;
			files = (
			);
			runOnlyForDeploymentPostprocessing = 0;
		};
/* End PBXFrameworksBuildPhase section */

/* Begin PBXGroup section */
		CC4E71ED26F71982005ED4FC = {
			isa = PBXGroup;
			children = (
				CC4E71F226F71982005ED4FC /* Shared */,
				CC4E71FC26F71983005ED4FC /* iOS */,
				CC4E720326F71983005ED4FC /* macOS */,
				CC4E71FB26F71983005ED4FC /* Products */,
			);
			sourceTree = "<group>";
		};
		CC4E71F226F71982005ED4FC /* Shared */ = {
			isa = PBXGroup;
			children = (
				CC4E71F326F71982005ED4FC /* KcHeroesMultiApp.swift */,
				CC4E71F426F71982005ED4FC /* ContentView.swift */,
				CC4E71F526F71983005ED4FC /* Assets.xcassets */,
			);
			path = Shared;
			sourceTree = "<group>";
		};
		CC4E71FB26F71983005ED4FC /* Products */ = {
			isa = PBXGroup;
			children = (
				CC4E71FA26F71983005ED4FC /* KcHeroesMulti.app */,
				CC4E720226F71983005ED4FC /* KcHeroesMulti.app */,
			);
			name = Products;
			sourceTree = "<group>";
		};
		CC4E71FC26F71983005ED4FC /* iOS */ = {
			isa = PBXGroup;
			children = (
				CC4E71FD26F71983005ED4FC /* Info.plist */,
			);
			path = iOS;
			sourceTree = "<group>";
		};
		CC4E720326F71983005ED4FC /* macOS */ = {
			isa = PBXGroup;
			children = (
				CC4E720426F71983005ED4FC /* Info.plist */,
				CC4E720526F71983005ED4FC /* macOS.entitlements */,
			);
			path = macOS;
			sourceTree = "<group>";
		};
/* End PBXGroup section */

/* Begin PBXNativeTarget section */
		CC4E71F926F71983005ED4FC /* KcHeroesMulti (iOS) */ = {
			isa = PBXNativeTarget;
			buildConfigurationList = CC4E720E26F71983005ED4FC /* Build configuration list for PBXNativeTarget "KcHeroesMulti (iOS)" */;
			buildPhases = (
				CC4E71F626F71983005ED4FC /* Sources */,
				CC4E71F726F71983005ED4FC /* Frameworks */,
				CC4E71F826F71983005ED4FC /* Resources */,
			);
			buildRules = (
			);
			dependencies = (
			);
			name = "KcHeroesMulti (iOS)";
			productName = "KcHeroesMulti (iOS)";
			productReference = CC4E71FA26F71983005ED4FC /* KcHeroesMulti.app */;
			productType = "com.apple.product-type.application";
		};
		CC4E720126F71983005ED4FC /* KcHeroesMulti (macOS) */ = {
			isa = PBXNativeTarget;
			buildConfigurationList = CC4E721126F71983005ED4FC /* Build configuration list for PBXNativeTarget "KcHeroesMulti (macOS)" */;
			buildPhases = (
				CC4E71FE26F71983005ED4FC /* Sources */,
				CC4E71FF26F71983005ED4FC /* Frameworks */,
				CC4E720026F71983005ED4FC /* Resources */,
			);
			buildRules = (
			);
			dependencies = (
			);
			name = "KcHeroesMulti (macOS)";
			productName = "KcHeroesMulti (macOS)";
			productReference = CC4E720226F71983005ED4FC /* KcHeroesMulti.app */;
			productType = "com.apple.product-type.application";
		};
/* End PBXNativeTarget section */

/* Begin PBXProject section */
		CC4E71EE26F71982005ED4FC /* Project object */ = {
			isa = PBXProject;
			attributes = {
				LastSwiftUpdateCheck = 1240;
				LastUpgradeCheck = 1240;
				TargetAttributes = {
					CC4E71F926F71983005ED4FC = {
						CreatedOnToolsVersion = 12.4;
					};
					CC4E720126F71983005ED4FC = {
						CreatedOnToolsVersion = 12.4;
					};
				};
			};
			buildConfigurationList = CC4E71F126F71982005ED4FC /* Build configuration list for PBXProject "KcHeroesMulti" */;
			compatibilityVersion = "Xcode 9.3";
			developmentRegion = en;
			hasScannedForEncodings = 0;
			knownRegions = (
				en,
				Base,
			);
			mainGroup = CC4E71ED26F71982005ED4FC;
			productRefGroup = CC4E71FB26F71983005ED4FC /* Products */;
			projectDirPath = "";
			projectRoot = "";
			targets = (
				CC4E71F926F71983005ED4FC /* KcHeroesMulti (iOS) */,
				CC4E720126F71983005ED4FC /* KcHeroesMulti (macOS) */,
			);
		};
/* End PBXProject section */

/* Begin PBXResourcesBuildPhase section */
		CC4E71F826F71983005ED4FC /* Resources */ = {
			isa = PBXResourcesBuildPhase;
			buildActionMask = 2147483647;
			files = (
				CC4E720A26F71983005ED4FC /* Assets.xcassets in Resources */,
			);
			runOnlyForDeploymentPostprocessing = 0;
		};
		CC4E720026F71983005ED4FC /* Resources */ = {
			isa = PBXResourcesBuildPhase;
			buildActionMask = 2147483647;
			files = (
				CC4E720B26F71983005ED4FC /* Assets.xcassets in Resources */,
			);
			runOnlyForDeploymentPostprocessing = 0;
		};
/* End PBXResourcesBuildPhase section */

/* Begin PBXSourcesBuildPhase section */
		CC4E71F626F71983005ED4FC /* Sources */ = {
			isa = PBXSourcesBuildPhase;
			buildActionMask = 2147483647;
			files = (
				CC4E720826F71983005ED4FC /* ContentView.swift in Sources */,
				CC4E720626F71983005ED4FC /* KcHeroesMultiApp.swift in Sources */,
			);
			runOnlyForDeploymentPostprocessing = 0;
		};
		CC4E71FE26F71983005ED4FC /* Sources */ = {
			isa = PBXSourcesBuildPhase;
			buildActionMask = 2147483647;
			files = (
				CC4E720926F71983005ED4FC /* ContentView.swift in Sources */,
				CC4E720726F71983005ED4FC /* KcHeroesMultiApp.swift in Sources */,
			);
			runOnlyForDeploymentPostprocessing = 0;
		};
/* End PBXSourcesBuildPhase section */

/* Begin XCBuildConfiguration section */
		CC4E720C26F71983005ED4FC /* Debug */ = {
			isa = XCBuildConfiguration;
			buildSettings = {
				ALWAYS_SEARCH_USER_PATHS = NO;
				CLANG_ANALYZER_NONNULL = YES;
				CLANG_ANALYZER_NUMBER_OBJECT_CONVERSION = YES_AGGRESSIVE;
				CLANG_CXX_LANGUAGE_STANDARD = "gnu++14";
				CLANG_CXX_LIBRARY = "libc++";
				CLANG_ENABLE_MODULES = YES;
				CLANG_ENABLE_OBJC_ARC = YES;
				CLANG_ENABLE_OBJC_WEAK = YES;
				CLANG_WARN_BLOCK_CAPTURE_AUTORELEASING = YES;
				CLANG_WARN_BOOL_CONVERSION = YES;
				CLANG_WARN_COMMA = YES;
				CLANG_WARN_CONSTANT_CONVERSION = YES;
				CLANG_WARN_DEPRECATED_OBJC_IMPLEMENTATIONS = YES;
				CLANG_WARN_DIRECT_OBJC_ISA_USAGE = YES_ERROR;
				CLANG_WARN_DOCUMENTATION_COMMENTS = YES;
				CLANG_WARN_EMPTY_BODY = YES;
				CLANG_WARN_ENUM_CONVERSION = YES;
				CLANG_WARN_INFINITE_RECURSION = YES;
				CLANG_WARN_INT_CONVERSION = YES;
				CLANG_WARN_NON_LITERAL_NULL_CONVERSION = YES;
				CLANG_WARN_OBJC_IMPLICIT_RETAIN_SELF = YES;
				CLANG_WARN_OBJC_LITERAL_CONVERSION = YES;
				CLANG_WARN_OBJC_ROOT_CLASS = YES_ERROR;
				CLANG_WARN_QUOTED_INCLUDE_IN_FRAMEWORK_HEADER = YES;
				CLANG_WARN_RANGE_LOOP_ANALYSIS = YES;
				CLANG_WARN_STRICT_PROTOTYPES = YES;
				CLANG_WARN_SUSPICIOUS_MOVE = YES;
				CLANG_WARN_UNGUARDED_AVAILABILITY = YES_AGGRESSIVE;
				CLANG_WARN_UNREACHABLE_CODE = YES;
				CLANG_WARN__DUPLICATE_METHOD_MATCH = YES;
				COPY_PHASE_STRIP = NO;
				DEBUG_INFORMATION_FORMAT = dwarf;
				ENABLE_STRICT_OBJC_MSGSEND = YES;
				ENABLE_TESTABILITY = YES;
				GCC_C_LANGUAGE_STANDARD = gnu11;
				GCC_DYNAMIC_NO_PIC = NO;
				GCC_NO_COMMON_BLOCKS = YES;
				GCC_OPTIMIZATION_LEVEL = 0;
				GCC_PREPROCESSOR_DEFINITIONS = (
					"DEBUG=1",
					"$(inherited)",
				);
				GCC_WARN_64_TO_32_BIT_CONVERSION = YES;
				GCC_WARN_ABOUT_RETURN_TYPE = YES_ERROR;
				GCC_WARN_UNDECLARED_SELECTOR = YES;
				GCC_WARN_UNINITIALIZED_AUTOS = YES_AGGRESSIVE;
				GCC_WARN_UNUSED_FUNCTION = YES;
				GCC_WARN_UNUSED_VARIABLE = YES;
				MTL_ENABLE_DEBUG_INFO = INCLUDE_SOURCE;
				MTL_FAST_MATH = YES;
				ONLY_ACTIVE_ARCH = YES;
				SWIFT_ACTIVE_COMPILATION_CONDITIONS = DEBUG;
				SWIFT_OPTIMIZATION_LEVEL = "-Onone";
			};
			name = Debug;
		};
		CC4E720D26F71983005ED4FC /* Release */ = {
			isa = XCBuildConfiguration;
			buildSettings = {
				ALWAYS_SEARCH_USER_PATHS = NO;
				CLANG_ANALYZER_NONNULL = YES;
				CLANG_ANALYZER_NUMBER_OBJECT_CONVERSION = YES_AGGRESSIVE;
				CLANG_CXX_LANGUAGE_STANDARD = "gnu++14";
				CLANG_CXX_LIBRARY = "libc++";
				CLANG_ENABLE_MODULES = YES;
				CLANG_ENABLE_OBJC_ARC = YES;
				CLANG_ENABLE_OBJC_WEAK = YES;
				CLANG_WARN_BLOCK_CAPTURE_AUTORELEASING = YES;
				CLANG_WARN_BOOL_CONVERSION = YES;
				CLANG_WARN_COMMA = YES;
				CLANG_WARN_CONSTANT_CONVERSION = YES;
				CLANG_WARN_DEPRECATED_OBJC_IMPLEMENTATIONS = YES;
				CLANG_WARN_DIRECT_OBJC_ISA_USAGE = YES_ERROR;
				CLANG_WARN_DOCUMENTATION_COMMENTS = YES;
				CLANG_WARN_EMPTY_BODY = YES;
				CLANG_WARN_ENUM_CONVERSION = YES;
				CLANG_WARN_INFINITE_RECURSION = YES;
				CLANG_WARN_INT_CONVERSION = YES;
				CLANG_WARN_NON_LITERAL_NULL_CONVERSION = YES;
				CLANG_WARN_OBJC_IMPLICIT_RETAIN_SELF = YES;
				CLANG_WARN_OBJC_LITERAL_CONVERSION = YES;
				CLANG_WARN_OBJC_ROOT_CLASS = YES_ERROR;
				CLANG_WARN_QUOTED_INCLUDE_IN_FRAMEWORK_HEADER = YES;
				CLANG_WARN_RANGE_LOOP_ANALYSIS = YES;
				CLANG_WARN_STRICT_PROTOTYPES = YES;
				CLANG_WARN_SUSPICIOUS_MOVE = YES;
				CLANG_WARN_UNGUARDED_AVAILABILITY = YES_AGGRESSIVE;
				CLANG_WARN_UNREACHABLE_CODE = YES;
				CLANG_WARN__DUPLICATE_METHOD_MATCH = YES;
				COPY_PHASE_STRIP = NO;
				DEBUG_INFORMATION_FORMAT = "dwarf-with-dsym";
				ENABLE_NS_ASSERTIONS = NO;
				ENABLE_STRICT_OBJC_MSGSEND = YES;
				GCC_C_LANGUAGE_STANDARD = gnu11;
				GCC_NO_COMMON_BLOCKS = YES;
				GCC_WARN_64_TO_32_BIT_CONVERSION = YES;
				GCC_WARN_ABOUT_RETURN_TYPE = YES_ERROR;
				GCC_WARN_UNDECLARED_SELECTOR = YES;
				GCC_WARN_UNINITIALIZED_AUTOS = YES_AGGRESSIVE;
				GCC_WARN_UNUSED_FUNCTION = YES;
				GCC_WARN_UNUSED_VARIABLE = YES;
				MTL_ENABLE_DEBUG_INFO = NO;
				MTL_FAST_MATH = YES;
				SWIFT_COMPILATION_MODE = wholemodule;
				SWIFT_OPTIMIZATION_LEVEL = "-O";
			};
			name = Release;
		};
		CC4E720F26F71983005ED4FC /* Debug */ = {
			isa = XCBuildConfiguration;
			buildSettings = {
				ASSETCATALOG_COMPILER_APPICON_NAME = AppIcon;
				ASSETCATALOG_COMPILER_GLOBAL_ACCENT_COLOR_NAME = AccentColor;
				CODE_SIGN_STYLE = Automatic;
				ENABLE_PREVIEWS = YES;
				INFOPLIST_FILE = iOS/Info.plist;
				IPHONEOS_DEPLOYMENT_TARGET = 14.0;
				LD_RUNPATH_SEARCH_PATHS = (
					"$(inherited)",
					"@executable_path/Frameworks",
				);
				PRODUCT_BUNDLE_IDENTIFIER = com.keepcoding.KcHeroesMulti;
				PRODUCT_NAME = KcHeroesMulti;
				SDKROOT = iphoneos;
				SWIFT_VERSION = 5.0;
				TARGETED_DEVICE_FAMILY = "1,2";
			};
			name = Debug;
		};
		CC4E721026F71983005ED4FC /* Release */ = {
			isa = XCBuildConfiguration;
			buildSettings = {
				ASSETCATALOG_COMPILER_APPICON_NAME = AppIcon;
				ASSETCATALOG_COMPILER_GLOBAL_ACCENT_COLOR_NAME = AccentColor;
				CODE_SIGN_STYLE = Automatic;
				ENABLE_PREVIEWS = YES;
				INFOPLIST_FILE = iOS/Info.plist;
				IPHONEOS_DEPLOYMENT_TARGET = 14.0;
				LD_RUNPATH_SEARCH_PATHS = (
					"$(inherited)",
					"@executable_path/Frameworks",
				);
				PRODUCT_BUNDLE_IDENTIFIER = com.keepcoding.KcHeroesMulti;
				PRODUCT_NAME = KcHeroesMulti;
				SDKROOT = iphoneos;
				SWIFT_VERSION = 5.0;
				TARGETED_DEVICE_FAMILY = "1,2";
				VALIDATE_PRODUCT = YES;
			};
			name = Release;
		};
		CC4E721226F71983005ED4FC /* Debug */ = {
			isa = XCBuildConfiguration;
			buildSettings = {
				ASSETCATALOG_COMPILER_APPICON_NAME = AppIcon;
				ASSETCATALOG_COMPILER_GLOBAL_ACCENT_COLOR_NAME = AccentColor;
				CODE_SIGN_ENTITLEMENTS = macOS/macOS.entitlements;
				CODE_SIGN_STYLE = Automatic;
				COMBINE_HIDPI_IMAGES = YES;
				ENABLE_PREVIEWS = YES;
				INFOPLIST_FILE = macOS/Info.plist;
				LD_RUNPATH_SEARCH_PATHS = (
					"$(inherited)",
					"@executable_path/../Frameworks",
				);
				MACOSX_DEPLOYMENT_TARGET = 11.0;
				PRODUCT_BUNDLE_IDENTIFIER = com.keepcoding.KcHeroesMulti;
				PRODUCT_NAME = KcHeroesMulti;
				SDKROOT = macosx;
				SWIFT_VERSION = 5.0;
			};
			name = Debug;
		};
		CC4E721326F71983005ED4FC /* Release */ = {
			isa = XCBuildConfiguration;
			buildSettings = {
				ASSETCATALOG_COMPILER_APPICON_NAME = AppIcon;
				ASSETCATALOG_COMPILER_GLOBAL_ACCENT_COLOR_NAME = AccentColor;
				CODE_SIGN_ENTITLEMENTS = macOS/macOS.entitlements;
				CODE_SIGN_STYLE = Automatic;
				COMBINE_HIDPI_IMAGES = YES;
				ENABLE_PREVIEWS = YES;
				INFOPLIST_FILE = macOS/Info.plist;
				LD_RUNPATH_SEARCH_PATHS = (
					"$(inherited)",
					"@executable_path/../Frameworks",
				);
				MACOSX_DEPLOYMENT_TARGET = 11.0;
				PRODUCT_BUNDLE_IDENTIFIER = com.keepcoding.KcHeroesMulti;
				PRODUCT_NAME = KcHeroesMulti;
				SDKROOT = macosx;
				SWIFT_VERSION = 5.0;
			};
			name = Release;
		};
/* End XCBuildConfiguration section */

/* Begin XCConfigurationList section */
		CC4E71F126F71982005ED4FC /* Build configuration list for PBXProject "KcHeroesMulti" */ = {
			isa = XCConfigurationList;
			buildConfigurations = (
				CC4E720C26F71983005ED4FC /* Debug */,
				CC4E720D26F71983005ED4FC /* Release */,
			);
			defaultConfigurationIsVisible = 0;
			defaultConfigurationName = Release;
		};
		CC4E720E26F71983005ED4FC /* Build configuration list for PBXNativeTarget "KcHeroesMulti (iOS)" */ = {
			isa = XCConfigurationList;
			buildConfigurations = (
				CC4E720F26F71983005ED4FC /* Debug */,
				CC4E721026F71983005ED4FC /* Release */,
			);
			defaultConfigurationIsVisible = 0;
			defaultConfigurationName = Release;
		};
		CC4E721126F71983005ED4FC /* Build configuration list for PBXNativeTarget "KcHeroesMulti (macOS)" */ = {
			isa = XCConfigurationList;
			buildConfigurations = (
				CC4E721226F71983005ED4FC /* Debug */,
				CC4E721326F71983005ED4FC /* Release */,
			);
			defaultConfigurationIsVisible = 0;
			defaultConfigurationName = Release;
		};
/* End XCConfigurationList section */
	};
	rootObject = CC4E71EE26F71982005ED4FC /* Project object */;
}
